
Microsoft Visual Studio Solution File, Format Version 12.00
# Visual Studio Version 17
VisualStudioVersion = 17.9.34723.18
MinimumVisualStudioVersion = 10.0.40219.1
Project("{9A19103F-16F7-4668-BE54-9A1E7A4F7556}") = "Calculator.Console", "SmartCalculator\Calculator.Console.csproj", "{BE408D7B-7E44-440A-9818-6285F2C4978C}"
EndProject
Project("{9A19103F-16F7-4668-BE54-9A1E7A4F7556}") = "Calculator.Tests", "Calculator.Tests\Calculator.Tests.csproj", "{F2BE8419-F1BD-48D6-9E72-5C8693FEB8D0}"
EndProject
Project("{FAE04EC0-301F-11D3-BF4B-00C04F79EFBC}") = "Calculator", "Calculator\Calculator.csproj", "{9BD9D730-43E4-43F5-8D45-46CE7BE04C88}"
EndProject
Project("{FAE04EC0-301F-11D3-BF4B-00C04F79EFBC}") = "Calculator.Web", "Calculator.Web\Calculator.Web.csproj", "{4BB2092A-4295-4A51-B2DF-5CAACEF50793}"
EndProject
Global
	GlobalSection(SolutionConfigurationPlatforms) = preSolution
		Debug|Any CPU = Debug|Any CPU
		Release|Any CPU = Release|Any CPU
	EndGlobalSection
	GlobalSection(ProjectConfigurationPlatforms) = postSolution
		{BE408D7B-7E44-440A-9818-6285F2C4978C}.Debug|Any CPU.ActiveCfg = Debug|Any CPU
		{BE408D7B-7E44-440A-9818-6285F2C4978C}.Debug|Any CPU.Build.0 = Debug|Any CPU
		{BE408D7B-7E44-440A-9818-6285F2C4978C}.Release|Any CPU.ActiveCfg = Release|Any CPU
		{BE408D7B-7E44-440A-9818-6285F2C4978C}.Release|Any CPU.Build.0 = Release|Any CPU
		{F2BE8419-F1BD-48D6-9E72-5C8693FEB8D0}.Debug|Any CPU.ActiveCfg = Debug|Any CPU
		{F2BE8419-F1BD-48D6-9E72-5C8693FEB8D0}.Debug|Any CPU.Build.0 = Debug|Any CPU
		{F2BE8419-F1BD-48D6-9E72-5C8693FEB8D0}.Release|Any CPU.ActiveCfg = Release|Any CPU
		{F2BE8419-F1BD-48D6-9E72-5C8693FEB8D0}.Release|Any CPU.Build.0 = Release|Any CPU
		{9BD9D730-43E4-43F5-8D45-46CE7BE04C88}.Debug|Any CPU.ActiveCfg = Debug|Any CPU
		{9BD9D730-43E4-43F5-8D45-46CE7BE04C88}.Debug|Any CPU.Build.0 = Debug|Any CPU
		{9BD9D730-43E4-43F5-8D45-46CE7BE04C88}.Release|Any CPU.ActiveCfg = Release|Any CPU
		{9BD9D730-43E4-43F5-8D45-46CE7BE04C88}.Release|Any CPU.Build.0 = Release|Any CPU
		{4BB2092A-4295-4A51-B2DF-5CAACEF50793}.Debug|Any CPU.ActiveCfg = Debug|Any CPU
		{4BB2092A-4295-4A51-B2DF-5CAACEF50793}.Debug|Any CPU.Build.0 = Debug|Any CPU
		{4BB2092A-4295-4A51-B2DF-5CAACEF50793}.Release|Any CPU.ActiveCfg = Release|Any CPU
		{4BB2092A-4295-4A51-B2DF-5CAACEF50793}.Release|Any CPU.Build.0 = Release|Any CPU
	EndGlobalSection
	GlobalSection(SolutionProperties) = preSolution
		HideSolutionNode = FALSE
	EndGlobalSection
	GlobalSection(ExtensibilityGlobals) = postSolution
		SolutionGuid = {276982BE-31B5-4C79-8400-CC45B8A8CF59}
	EndGlobalSection
EndGlobal
