
Microsoft Visual Studio Solution File, Format Version 12.00
# Visual Studio Version 17
VisualStudioVersion = 17.9.34723.18
MinimumVisualStudioVersion = 10.0.40219.1
Project("{FAE04EC0-301F-11D3-BF4B-00C04F79EFBC}") = "PracticeLinq", "PracticeLinq\PracticeLinq.csproj", "{419A6FBB-889E-475E-86F6-B7124AB13A1D}"
EndProject
Global
	GlobalSection(SolutionConfigurationPlatforms) = preSolution
		Debug|Any CPU = Debug|Any CPU
		Release|Any CPU = Release|Any CPU
	EndGlobalSection
	GlobalSection(ProjectConfigurationPlatforms) = postSolution
		{419A6FBB-889E-475E-86F6-B7124AB13A1D}.Debug|Any CPU.ActiveCfg = Debug|Any CPU
		{419A6FBB-889E-475E-86F6-B7124AB13A1D}.Debug|Any CPU.Build.0 = Debug|Any CPU
		{419A6FBB-889E-475E-86F6-B7124AB13A1D}.Release|Any CPU.ActiveCfg = Release|Any CPU
		{419A6FBB-889E-475E-86F6-B7124AB13A1D}.Release|Any CPU.Build.0 = Release|Any CPU
	EndGlobalSection
	GlobalSection(SolutionProperties) = preSolution
		HideSolutionNode = FALSE
	EndGlobalSection
	GlobalSection(ExtensibilityGlobals) = postSolution
		SolutionGuid = {C4996946-1C5B-49AC-8264-25406C0F4649}
	EndGlobalSection
EndGlobal
