
Microsoft Visual Studio Solution File, Format Version 12.00
# Visual Studio Version 17
VisualStudioVersion = 17.9.34723.18
MinimumVisualStudioVersion = 10.0.40219.1
Project("{FAE04EC0-301F-11D3-BF4B-00C04F79EFBC}") = "MvcBasics", "MvcBasics\MvcBasics.csproj", "{A8C77C5A-12EA-45B1-A70E-C65E63301750}"
EndProject
Global
	GlobalSection(SolutionConfigurationPlatforms) = preSolution
		Debug|Any CPU = Debug|Any CPU
		Release|Any CPU = Release|Any CPU
	EndGlobalSection
	GlobalSection(ProjectConfigurationPlatforms) = postSolution
		{A8C77C5A-12EA-45B1-A70E-C65E63301750}.Debug|Any CPU.ActiveCfg = Debug|Any CPU
		{A8C77C5A-12EA-45B1-A70E-C65E63301750}.Debug|Any CPU.Build.0 = Debug|Any CPU
		{A8C77C5A-12EA-45B1-A70E-C65E63301750}.Release|Any CPU.ActiveCfg = Release|Any CPU
		{A8C77C5A-12EA-45B1-A70E-C65E63301750}.Release|Any CPU.Build.0 = Release|Any CPU
	EndGlobalSection
	GlobalSection(SolutionProperties) = preSolution
		HideSolutionNode = FALSE
	EndGlobalSection
	GlobalSection(ExtensibilityGlobals) = postSolution
		SolutionGuid = {1873509F-BE28-413E-BA9E-61CCCA3E6CD3}
	EndGlobalSection
EndGlobal
